# This file is autogenerated, do not edit; changes may be undone by the next 'dep ensure'.


[[projects]]
  branch = "master"
  digest = "1:594d51ad1ed8d44086145528a32b5e403c43195c0b236a2f6e116e00baa2c0eb"
  name = "github.com/bitrise-io/go-steputils"
  packages = [
    "cache",
    "tools",
  ]
  pruneopts = "UT"
  revision = "94490ca44ddb645764676a94988f6fc7e3187383"

[[projects]]
  branch = "master"
  digest = "1:f6514eccbc51d3e6820ce98170e830d7e15f49d249dd43843141733361258618"
  name = "github.com/bitrise-io/go-utils"
  packages = [
    "colorstring",
    "command",
    "errorutil",
    "log",
    "parseutil",
    "pathutil",
    "pointers",
    "sliceutil",
  ]
  pruneopts = "UT"
  revision = "0c47c16813a4209321c9d0dba2e75867d6901ff2"

[[projects]]
  branch = "master"
  digest = "1:80d1d50bbd49c859fa92b74251371f9b8372be8c8307c5bc7b16e2178fc6f037"
  name = "github.com/bitrise-steplib/steps-ionic-archive"
  packages = [
    "ionic",
    "jsdependency",
  ]
  pruneopts = "UT"
  revision = "fab48be8d571904c48ab2f2147711d9b5cd71a12"

[[projects]]
  branch = "master"
  digest = "1:caf5b6526ab478df1debb4048cc99489d3954975457c4ba63441f489c9053ea2"
  name = "github.com/bitrise-tools/go-steputils"
  packages = ["stepconf"]
  pruneopts = "UT"
  revision = "94490ca44ddb645764676a94988f6fc7e3187383"

[[projects]]
  branch = "master"
  digest = "1:95732e0c27df672b3fdf5cdd8edd18cba5fc07263ef7cd25eaaad4afc4730313"
  name = "github.com/hashicorp/go-version"
  packages = ["."]
  pruneopts = "UT"
  revision = "59da58cfd357de719a4d16dac30481391a56c002"

[[projects]]
  branch = "master"
  digest = "1:9e1d37b58d17113ec3cb5608ac0382313c5b59470b94ed97d0976e69c7022314"
  name = "github.com/pkg/errors"
  packages = ["."]
  pruneopts = "UT"
  revision = "614d223910a179a466c1767a985424175c39b465"

[solve-meta]
  analyzer-name = "dep"
  analyzer-version = 1
  input-imports = [
    "github.com/bitrise-io/go-steputils/cache",
    "github.com/bitrise-io/go-utils/colorstring",
    "github.com/bitrise-io/go-utils/errorutil",
    "github.com/bitrise-io/go-utils/log",
    "github.com/bitrise-io/go-utils/pathutil",
    "github.com/bitrise-steplib/steps-ionic-archive/ionic",
    "github.com/bitrise-steplib/steps-ionic-archive/jsdependency",
    "github.com/bitrise-tools/go-steputils/stepconf",
    "github.com/hashicorp/go-version",
  ]
  solver-name = "gps-cdcl"
  solver-version = 1
